github.com/atotto/clipboard v0.1.2 h1:YZCtFu5Ie8qX2VmVTBnrqLSiU9XOWwqNRmdT3gIQzbY=
github.com/atotto/clipboard v0.1.2/go.mod h1:ZY9tmq7sm5xIbd9bOK4onWV4S6X0u6GY7Vn0Yu86PYI=
github.com/davecgh/go-spew v1.1.0/go.mod h1:J7Y8YcW2NihsgmVo/mv3lAwl/skON4iLHjSsI+c5H38=
github.com/davecgh/go-spew v1.1.1 h1:vj9j/u1bqnvCEfJOwUhtlOARqs3+rkHYY13jYWTU97c=
github.com/davecgh/go-spew v1.1.1/go.mod h1:J7Y8YcW2NihsgmVo/mv3lAwl/skON4iLHjSsI+c5H38=
github.com/djpnewton/go_flutter_clipboard_manager v0.0.0-20190804014528-3d6264a17eb6 h1:a7fQdjsYGcXC4NxnDmUWS9MfzJS1Q5LsrZ3VrFHiwtE=
github.com/djpnewton/go_flutter_clipboard_manager v0.0.0-20190804014528-3d6264a17eb6/go.mod h1:QX9Hdf9eG86Gs1gHVKvS2neXV9V+IuEokJh9ndBeKrc=
github.com/go-flutter-desktop/go-flutter v0.24.1/go.mod h1:GZYxHYp7lRnt3imJV1d8EWleMv5q9J4S2ONNEqpPOfo=
github.com/go-flutter-desktop/go-flutter v0.26.0 h1:Sja3JRKzAPoi0h8hOQFQQ3wOnIXcFwBJTrDetC2ErQI=
github.com/go-flutter-desktop/go-flutter v0.26.0/go.mod h1:GZYxHYp7lRnt3imJV1d8EWleMv5q9J4S2ONNEqpPOfo=
github.com/go-flutter-desktop/go-flutter v0.27.0 h1:XYhKiRjwX/Z73Hpe+TJDBbutFL1mx1wmy9Po9lux1GU=
github.com/go-flutter-desktop/go-flutter v0.27.0/go.mod h1:GZYxHYp7lRnt3imJV1d8EWleMv5q9J4S2ONNEqpPOfo=
github.com/go-flutter-desktop/go-flutter v0.27.1 h1:dPMO0Q3SZxZoHXpQ58vScAOAeDnfWgVdt9AjghsUGCg=
github.com/go-flutter-desktop/go-flutter v0.27.1/go.mod h1:GZYxHYp7lRnt3imJV1d8EWleMv5q9J4S2ONNEqpPOfo=
github.com/go-flutter-desktop/go-flutter v0.27.4 h1:2S2CFKJeA7aCQXZ/wcGfIqITB1+HPu+mDzA7lLxXd9E=
github.com/go-flutter-desktop/go-flutter v0.27.4/go.mod h1:GZYxHYp7lRnt3imJV1d8EWleMv5q9J4S2ONNEqpPOfo=
github.com/go-flutter-desktop/go-flutter v0.29.2 h1:kzxZRkFb5Q0WOD+aAWVdKTWfM7iSbu7P9JTnOn6wccA=
github.com/go-flutter-desktop/go-flutter v0.29.2/go.mod h1:NCryd/AqiRbYSd8pMzQldYkgH1tZIFGt2ToUghZcWGA=
github.com/go-flutter-desktop/go-flutter v0.30.0 h1:tKQSB7rUOR0o9Bq5P7VpTm0KAOHxvRwC1xDlJGlWNY4=
github.com/go-flutter-desktop/go-flutter v0.30.0/go.mod h1:NCryd/AqiRbYSd8pMzQldYkgH1tZIFGt2ToUghZcWGA=
github.com/go-flutter-desktop/go-flutter v0.33.0 h1:+0R9hn+oOKj5A9p95H7jcgPoWrjdxmHFu1NODf0uOKk=
github.com/go-flutter-desktop/go-flutter v0.33.0/go.mod h1:NCryd/AqiRbYSd8pMzQldYkgH1tZIFGt2ToUghZcWGA=
github.com/go-flutter-desktop/go-flutter v0.35.0 h1:3YiJIrIuryNZ1nTy+Gj4SLjBZIwAI3VZ6ENPN8OwWEQ=
github.com/go-flutter-desktop/go-flutter v0.35.0/go.mod h1:eqenDt10Ece6cs/zZbLvT4Z1zf9k7gc+R8L7S68k6ao=
github.com/go-flutter-desktop/go-flutter v0.35.1 h1:vs04dmq9CyrVC2UUam5JYN177bB4QOdYDl8kcoDQVOg=
github.com/go-flutter-desktop/go-flutter v0.35.1/go.mod h1:eqenDt10Ece6cs/zZbLvT4Z1zf9k7gc+R8L7S68k6ao=
github.com/go-flutter-desktop/plugins/url_launcher v0.1.0 h1:5inKV7DkB8dYoJ7dcUxoEymO7Gu0Xg9JmkVQMmjbCow=
github.com/go-flutter-desktop/plugins/url_launcher v0.1.0/go.mod h1:e2bocGuN4L+sOwFppjctOaiDCPVMjA9MMtvyM7/ZuRM=
github.com/go-gl/gl v0.0.0-20190320180904-bf2b1f2f34d7 h1:SCYMcCJ89LjRGwEa0tRluNRiMjZHalQZrVrvTbPh+qw=
github.com/go-gl/gl v0.0.0-20190320180904-bf2b1f2f34d7/go.mod h1:482civXOzJJCPzJ4ZOX/pwvXBWSnzD4OKMdH4ClKGbk=
github.com/go-gl/glfw v0.0.0-20190409004039-e6da0acd62b1/go.mod h1:vR7hzQXu2zJy9AVAgeJqvqgH9Q5CA+iKCZ2gyEVpxRU=
github.com/go-gl/glfw v0.0.0-20190519095719-e6da0acd62b1 h1:noz9OnjV5PMOZWNOI+y1cS5rnxuJfpY6leIgQEEdBQw=
github.com/go-gl/glfw v0.0.0-20190519095719-e6da0acd62b1/go.mod h1:vR7hzQXu2zJy9AVAgeJqvqgH9Q5CA+iKCZ2gyEVpxRU=
github.com/go-gl/glfw v0.0.0-20191125211704-12ad95a8df72 h1:LgLYrxDRSVv3kStk6louYTP1ekZ6t7HZY/X05KUyaeM=
github.com/go-gl/glfw v0.0.0-20191125211704-12ad95a8df72/go.mod h1:vR7hzQXu2zJy9AVAgeJqvqgH9Q5CA+iKCZ2gyEVpxRU=
github.com/pkg/errors v0.8.1 h1:iURUrRGxPUNPdy5/HRSm+Yj6okJ6UtLINN0Q9M4+h3I=
github.com/pkg/errors v0.8.1/go.mod h1:bwawxfHBFNV+L2hUp1rHADufV3IMtnDRdf1r5NINEl0=
github.com/pkg/errors v0.9.1 h1:FEBLx1zS214owpjy7qsBeixbURkuhQAwrK5UwLGTwt4=
github.com/pkg/errors v0.9.1/go.mod h1:bwawxfHBFNV+L2hUp1rHADufV3IMtnDRdf1r5NINEl0=
github.com/pmezard/go-difflib v1.0.0 h1:4DBwDE0NGyQoBHbLQYPwSUPoCMWR5BEzIk/f1lZbAQM=
github.com/pmezard/go-difflib v1.0.0/go.mod h1:iKH77koFhYxTK1pcRnkKkqfTogsbg7gZNVY4sRDYZ/4=
github.com/stretchr/objx v0.1.0/go.mod h1:HFkY916IF+rwdDfMAkV7OtwuqBVzrE8GR6GFx+wExME=
github.com/stretchr/objx v0.2.0/go.mod h1:qt09Ya8vawLte6SNmTgCsAVtYtaKzEcn8ATUoHMkEqE=
github.com/stretchr/testify v1.3.0 h1:TivCn/peBQ7UY8ooIcPgZFpTNSz0Q2U6UrFlUfqbe0Q=
github.com/stretchr/testify v1.3.0/go.mod h1:M5WIy9Dh21IEIfnGCwXGc5bZfKNJtfHm1UVUgZn+9EI=
github.com/stretchr/testify v1.4.0/go.mod h1:j7eGeouHqKxXV5pUuKE4zz7dFj8WfuZ+81PSLYec5m4=
gopkg.in/check.v1 v0.0.0-20161208181325-20d25e280405/go.mod h1:Co6ibVJAznAaIkqp8huTwlJQCZ016jof/cbN4VW5Yz0=
gopkg.in/check.v1 v1.0.0-20190902080502-41f04d3bba15/go.mod h1:Co6ibVJAznAaIkqp8huTwlJQCZ016jof/cbN4VW5Yz0=
gopkg.in/yaml.v2 v2.2.2/go.mod h1:hI93XBmqTisBFMUTm0b8Fm+jr3Dg1NNxqwp+5A1VGuI=
gopkg.in/yaml.v2 v2.2.4/go.mod h1:hI93XBmqTisBFMUTm0b8Fm+jr3Dg1NNxqwp+5A1VGuI=
gopkg.in/yaml.v2 v2.2.7/go.mod h1:hI93XBmqTisBFMUTm0b8Fm+jr3Dg1NNxqwp+5A1VGuI=
gopkg.in/yaml.v2 v2.2.8/go.mod h1:hI93XBmqTisBFMUTm0b8Fm+jr3Dg1NNxqwp+5A1VGuI=
